
Microsoft Visual Studio Solution File, Format Version 12.00
# Visual Studio Version 17
VisualStudioVersion = 17.6.33723.286
MinimumVisualStudioVersion = 10.0.40219.1
Project("{FAE04EC0-301F-11D3-BF4B-00C04F79EFBC}") = "SkillboxHomework8_1", "SkillboxHomework8_1\SkillboxHomework8_1.csproj", "{C75A7BA7-A5A6-4044-91AC-A40571D3D915}"
EndProject
Project("{FAE04EC0-301F-11D3-BF4B-00C04F79EFBC}") = "SkillboxHomework8_2", "SkillboxHomework8_2\SkillboxHomework8_2.csproj", "{2C72707C-3903-493E-8C28-C3891B41779C}"
EndProject
Project("{FAE04EC0-301F-11D3-BF4B-00C04F79EFBC}") = "SkillboxHomework8_3", "SkillboxHomework8_3\SkillboxHomework8_3.csproj", "{27B42731-83A5-41A1-9E93-07A62195AA10}"
EndProject
Project("{FAE04EC0-301F-11D3-BF4B-00C04F79EFBC}") = "SkillboxHomework8_4", "SkillboxHomework8_4\SkillboxHomework8_4.csproj", "{2E462495-96E5-44D3-AFF5-3C3F156F4C5F}"
EndProject
Global
	GlobalSection(SolutionConfigurationPlatforms) = preSolution
		Debug|Any CPU = Debug|Any CPU
		Release|Any CPU = Release|Any CPU
	EndGlobalSection
	GlobalSection(ProjectConfigurationPlatforms) = postSolution
		{C75A7BA7-A5A6-4044-91AC-A40571D3D915}.Debug|Any CPU.ActiveCfg = Debug|Any CPU
		{C75A7BA7-A5A6-4044-91AC-A40571D3D915}.Debug|Any CPU.Build.0 = Debug|Any CPU
		{C75A7BA7-A5A6-4044-91AC-A40571D3D915}.Release|Any CPU.ActiveCfg = Release|Any CPU
		{C75A7BA7-A5A6-4044-91AC-A40571D3D915}.Release|Any CPU.Build.0 = Release|Any CPU
		{2C72707C-3903-493E-8C28-C3891B41779C}.Debug|Any CPU.ActiveCfg = Debug|Any CPU
		{2C72707C-3903-493E-8C28-C3891B41779C}.Debug|Any CPU.Build.0 = Debug|Any CPU
		{2C72707C-3903-493E-8C28-C3891B41779C}.Release|Any CPU.ActiveCfg = Release|Any CPU
		{2C72707C-3903-493E-8C28-C3891B41779C}.Release|Any CPU.Build.0 = Release|Any CPU
		{27B42731-83A5-41A1-9E93-07A62195AA10}.Debug|Any CPU.ActiveCfg = Debug|Any CPU
		{27B42731-83A5-41A1-9E93-07A62195AA10}.Debug|Any CPU.Build.0 = Debug|Any CPU
		{27B42731-83A5-41A1-9E93-07A62195AA10}.Release|Any CPU.ActiveCfg = Release|Any CPU
		{27B42731-83A5-41A1-9E93-07A62195AA10}.Release|Any CPU.Build.0 = Release|Any CPU
		{2E462495-96E5-44D3-AFF5-3C3F156F4C5F}.Debug|Any CPU.ActiveCfg = Debug|Any CPU
		{2E462495-96E5-44D3-AFF5-3C3F156F4C5F}.Debug|Any CPU.Build.0 = Debug|Any CPU
		{2E462495-96E5-44D3-AFF5-3C3F156F4C5F}.Release|Any CPU.ActiveCfg = Release|Any CPU
		{2E462495-96E5-44D3-AFF5-3C3F156F4C5F}.Release|Any CPU.Build.0 = Release|Any CPU
	EndGlobalSection
	GlobalSection(SolutionProperties) = preSolution
		HideSolutionNode = FALSE
	EndGlobalSection
	GlobalSection(ExtensibilityGlobals) = postSolution
		SolutionGuid = {EB6A1206-28D8-4CD2-9356-33EB5F00B024}
	EndGlobalSection
EndGlobal
